{
  "originHash" : "8e2c79b80be45de11208a4005cae2500f2e5ccec40bf55b22ed80334e11c065f",
  "pins" : [
    {
      "identity" : "mapkit-caching-tile-overlay",
      "kind" : "remoteSourceControl",
      "location" : "https://github.com/stadiamaps/mapkit-caching-tile-overlay",
      "state" : {
        "revision" : "600f218ccc090678ab46bab162a82f63949eb04f",
        "version" : "1.1.0"
      }
    }
  ],
  "version" : 3
}
