{
  "originHash" : "9cad508c8de273ce147f386597c3c2b08af8652d70af74c3b87bd57b73cb0698",
  "pins" : [
    {
      "identity" : "mapkit-caching-tile-overlay",
      "kind" : "remoteSourceControl",
      "location" : "https://github.com/stadiamaps/mapkit-caching-tile-overlay",
      "state" : {
        "revision" : "600f218ccc090678ab46bab162a82f63949eb04f",
        "version" : "1.1.0"
      }
    },
    {
      "identity" : "swift-docc-plugin",
      "kind" : "remoteSourceControl",
      "location" : "https://github.com/apple/swift-docc-plugin",
      "state" : {
        "revision" : "3e4f133a77e644a5812911a0513aeb7288b07d06",
        "version" : "1.4.5"
      }
    },
    {
      "identity" : "swift-docc-symbolkit",
      "kind" : "remoteSourceControl",
      "location" : "https://github.com/swiftlang/swift-docc-symbolkit",
      "state" : {
        "revision" : "b45d1f2ed151d057b54504d653e0da5552844e34",
        "version" : "1.0.0"
      }
    }
  ],
  "version" : 3
}
